
Microsoft Visual Studio Solution File, Format Version 12.00
# Visual Studio Version 17
VisualStudioVersion = 17.0.32112.339
MinimumVisualStudioVersion = 10.0.40219.1
Project("{FAE04EC0-301F-11D3-BF4B-00C04F79EFBC}") = "ProjetoPOO4", "ProjetoPOO4\ProjetoPOO4.csproj", "{1C59408E-43A2-4F4B-9E2B-B70D3C3DBC75}"
EndProject
Global
	GlobalSection(SolutionConfigurationPlatforms) = preSolution
		Debug|Any CPU = Debug|Any CPU
		Release|Any CPU = Release|Any CPU
	EndGlobalSection
	GlobalSection(ProjectConfigurationPlatforms) = postSolution
		{1C59408E-43A2-4F4B-9E2B-B70D3C3DBC75}.Debug|Any CPU.ActiveCfg = Debug|Any CPU
		{1C59408E-43A2-4F4B-9E2B-B70D3C3DBC75}.Debug|Any CPU.Build.0 = Debug|Any CPU
		{1C59408E-43A2-4F4B-9E2B-B70D3C3DBC75}.Release|Any CPU.ActiveCfg = Release|Any CPU
		{1C59408E-43A2-4F4B-9E2B-B70D3C3DBC75}.Release|Any CPU.Build.0 = Release|Any CPU
	EndGlobalSection
	GlobalSection(SolutionProperties) = preSolution
		HideSolutionNode = FALSE
	EndGlobalSection
	GlobalSection(ExtensibilityGlobals) = postSolution
		SolutionGuid = {5429A490-5C4E-40BD-B89C-781F41437434}
	EndGlobalSection
EndGlobal
